Microsoft Visual Studio Solution File, Format Version 11.00
# Visual Studio 2008

Project("{1BCD0A3B-6F43-DC43-9BF1-F39D3CC07FDF}") = "SplashAttack_V2", "Assembly-CSharp.csproj", "{4CED5C77-F11D-D980-C805-49C92784ADB9}"
EndProject
Global
	GlobalSection(SolutionConfigurationPlatforms) = preSolution
		Debug|Any CPU = Debug|Any CPU
		Release|Any CPU = Release|Any CPU
	EndGlobalSection
	GlobalSection(ProjectConfigurationPlatforms) = postSolution
		{4CED5C77-F11D-D980-C805-49C92784ADB9}.Debug|Any CPU.ActiveCfg = Debug|Any CPU
		{4CED5C77-F11D-D980-C805-49C92784ADB9}.Debug|Any CPU.Build.0 = Debug|Any CPU
		{4CED5C77-F11D-D980-C805-49C92784ADB9}.Release|Any CPU.ActiveCfg = Release|Any CPU
		{4CED5C77-F11D-D980-C805-49C92784ADB9}.Release|Any CPU.Build.0 = Release|Any CPU
	EndGlobalSection
	GlobalSection(SolutionProperties) = preSolution
		HideSolutionNode = FALSE
	EndGlobalSection
	GlobalSection(MonoDevelopProperties) = preSolution
		StartupItem = Assembly-CSharp.csproj
	EndGlobalSection
EndGlobal
